# NOTICE: This lockfile contains some overrides from shard.dev.yml
version: 2.0
shards:
  athena: # Overridden
    path: ../athena/src/components/framework
    version: 0.18.1

  athena-config: # Overridden
    path: ../athena/src/components/config
    version: 0.3.2

  athena-console: # Overridden
    path: ../athena/src/components/console
    version: 0.3.2

  athena-dependency_injection: # Overridden
    path: ../athena/src/components/dependency_injection
    version: 0.3.6

  athena-dotenv: # Overridden
    path: ../athena/src/components/dotenv
    version: 0.1.0

  athena-event_dispatcher: # Overridden
    path: ../athena/src/components/event_dispatcher
    version: 0.2.2

  athena-image_size: # Overridden
    path: ../athena/src/components/image_size
    version: 0.1.1

  athena-negotiation: # Overridden
    path: ../athena/src/components/negotiation
    version: 0.1.3

  athena-routing: # Overridden
    path: ../athena/src/components/routing
    version: 0.1.7

  athena-serializer: # Overridden
    path: ../athena/src/components/serializer
    version: 0.3.3

  athena-spec: # Overridden
    path: ../athena/src/components/spec
    version: 0.3.5

  athena-validator: # Overridden
    path: ../athena/src/components/validator
    version: 0.3.1

